// !$*UTF8*$!
{
	archiveVersion = 1;
	classes = {
	};
	objectVersion = 56;
	objects = {

/* Begin PBXBuildFile section */
		40B3681E2A3A63A20089AD18 /* MyPlantsDetailView.swift in Sources */ = {isa = PBXBuildFile; fileRef = 40B3681D2A3A63A10089AD18 /* MyPlantsDetailView.swift */; };
		40D3C3442A565EA80020DFF0 /* MapSearchView.swift in Sources */ = {isa = PBXBuildFile; fileRef = 40D3C3432A565EA80020DFF0 /* MapSearchView.swift */; };
		40D3C3462A565F4F0020DFF0 /* LocationHelper.swift in Sources */ = {isa = PBXBuildFile; fileRef = 40D3C3452A565F4F0020DFF0 /* LocationHelper.swift */; };
		40D3C34A2A56602B0020DFF0 /* MapSearch.swift in Sources */ = {isa = PBXBuildFile; fileRef = 40D3C3492A56602B0020DFF0 /* MapSearch.swift */; };
		40D3C34C2A56610C0020DFF0 /* LocalSearchHelper.swift in Sources */ = {isa = PBXBuildFile; fileRef = 40D3C34B2A56610C0020DFF0 /* LocalSearchHelper.swift */; };
		528BE6122A1FA3F50084BB0F /* PlantPlus_v1App.swift in Sources */ = {isa = PBXBuildFile; fileRef = 528BE6112A1FA3F50084BB0F /* PlantPlus_v1App.swift */; };
		528BE6162A1FA3F90084BB0F /* Assets.xcassets in Resources */ = {isa = PBXBuildFile; fileRef = 528BE6152A1FA3F90084BB0F /* Assets.xcassets */; };
		528BE6192A1FA3F90084BB0F /* Preview Assets.xcassets in Resources */ = {isa = PBXBuildFile; fileRef = 528BE6182A1FA3F90084BB0F /* Preview Assets.xcassets */; };
		528BE6252A1FA4EA0084BB0F /* HomeView.swift in Sources */ = {isa = PBXBuildFile; fileRef = 528BE6242A1FA4EA0084BB0F /* HomeView.swift */; };
		528BE6292A2014820084BB0F /* GoogleService-Info.plist in Resources */ = {isa = PBXBuildFile; fileRef = 528BE6282A2014820084BB0F /* GoogleService-Info.plist */; };
		528BE62B2A2016AE0084BB0F /* PlantsView.swift in Sources */ = {isa = PBXBuildFile; fileRef = 528BE62A2A2016AE0084BB0F /* PlantsView.swift */; };
		528BE62F2A2016CD0084BB0F /* MyPlantsView.swift in Sources */ = {isa = PBXBuildFile; fileRef = 528BE62E2A2016CD0084BB0F /* MyPlantsView.swift */; };
		528BE6312A2016E60084BB0F /* UserProfileView.swift in Sources */ = {isa = PBXBuildFile; fileRef = 528BE6302A2016E60084BB0F /* UserProfileView.swift */; };
		528BE6332A201C640084BB0F /* PerenualHelper.swift in Sources */ = {isa = PBXBuildFile; fileRef = 528BE6322A201C640084BB0F /* PerenualHelper.swift */; };
		528BE6352A201CBD0084BB0F /* PerenualResponse.swift in Sources */ = {isa = PBXBuildFile; fileRef = 528BE6342A201CBD0084BB0F /* PerenualResponse.swift */; };
		528BE6372A201CF30084BB0F /* DataDiseases.swift in Sources */ = {isa = PBXBuildFile; fileRef = 528BE6362A201CF30084BB0F /* DataDiseases.swift */; };
		528BE6392A201D1C0084BB0F /* PlantDetail.swift in Sources */ = {isa = PBXBuildFile; fileRef = 528BE6382A201D1C0084BB0F /* PlantDetail.swift */; };
		528BE63B2A201DBF0084BB0F /* PlantDetailView.swift in Sources */ = {isa = PBXBuildFile; fileRef = 528BE63A2A201DBF0084BB0F /* PlantDetailView.swift */; };
		528BE63D2A27B5540084BB0F /* Plant.swift in Sources */ = {isa = PBXBuildFile; fileRef = 528BE63C2A27B5540084BB0F /* Plant.swift */; };
		528BE6402A281E840084BB0F /* FirebaseAuth in Frameworks */ = {isa = PBXBuildFile; productRef = 528BE63F2A281E840084BB0F /* FirebaseAuth */; };
		528BE6422A281E840084BB0F /* FirebaseDatabase in Frameworks */ = {isa = PBXBuildFile; productRef = 528BE6412A281E840084BB0F /* FirebaseDatabase */; };
		528BE6442A281E840084BB0F /* FirebaseFirestore in Frameworks */ = {isa = PBXBuildFile; productRef = 528BE6432A281E840084BB0F /* FirebaseFirestore */; };
		528BE6462A281E840084BB0F /* FirebaseFirestoreSwift in Frameworks */ = {isa = PBXBuildFile; productRef = 528BE6452A281E840084BB0F /* FirebaseFirestoreSwift */; };
		528BE6482A281E840084BB0F /* FirebaseStorage in Frameworks */ = {isa = PBXBuildFile; productRef = 528BE6472A281E840084BB0F /* FirebaseStorage */; };
		528BE64A2A281F140084BB0F /* FireAuthHelper.swift in Sources */ = {isa = PBXBuildFile; fileRef = 528BE6492A281F140084BB0F /* FireAuthHelper.swift */; };
		528BE64C2A281F5A0084BB0F /* UserPlants.swift in Sources */ = {isa = PBXBuildFile; fileRef = 528BE64B2A281F5A0084BB0F /* UserPlants.swift */; };
		528BE64E2A281F880084BB0F /* FireDBHelper.swift in Sources */ = {isa = PBXBuildFile; fileRef = 528BE64D2A281F880084BB0F /* FireDBHelper.swift */; };
		528BE6502A295CD10084BB0F /* SignUpView.swift in Sources */ = {isa = PBXBuildFile; fileRef = 528BE64F2A295CD10084BB0F /* SignUpView.swift */; };
		528BE6522A2E68830084BB0F /* RootViewEnum.swift in Sources */ = {isa = PBXBuildFile; fileRef = 528BE6512A2E68830084BB0F /* RootViewEnum.swift */; };
		528BE6542A2E696F0084BB0F /* LoginView.swift in Sources */ = {isa = PBXBuildFile; fileRef = 528BE6532A2E696F0084BB0F /* LoginView.swift */; };
		528BE6562A3512010084BB0F /* AIPlantHelper.swift in Sources */ = {isa = PBXBuildFile; fileRef = 528BE6552A3512010084BB0F /* AIPlantHelper.swift */; };
		528BE6582A3518220084BB0F /* AIPlantView.swift in Sources */ = {isa = PBXBuildFile; fileRef = 528BE6572A3518220084BB0F /* AIPlantView.swift */; };
		528BE65A2A3527CA0084BB0F /* plantTest1.jpeg in Resources */ = {isa = PBXBuildFile; fileRef = 528BE6592A3527CA0084BB0F /* plantTest1.jpeg */; };
		528BE65D2A3542DB0084BB0F /* ImagePicker.swift in Sources */ = {isa = PBXBuildFile; fileRef = 528BE65C2A3542DB0084BB0F /* ImagePicker.swift */; };
		528BE65F2A3543070084BB0F /* ZoomableScrollView.swift in Sources */ = {isa = PBXBuildFile; fileRef = 528BE65E2A3543070084BB0F /* ZoomableScrollView.swift */; };
		528BE6622A3544960084BB0F /* FileManager.swift in Sources */ = {isa = PBXBuildFile; fileRef = 528BE6612A3544960084BB0F /* FileManager.swift */; };
		528BE6672A35456E0084BB0F /* Picker.swift in Sources */ = {isa = PBXBuildFile; fileRef = 528BE6662A35456E0084BB0F /* Picker.swift */; };
		528BE6692A35518C0084BB0F /* PickerHelper.swift in Sources */ = {isa = PBXBuildFile; fileRef = 528BE6682A35518C0084BB0F /* PickerHelper.swift */; };
		528BE66B2A36834D0084BB0F /* AIPlantResponse.swift in Sources */ = {isa = PBXBuildFile; fileRef = 528BE66A2A36834D0084BB0F /* AIPlantResponse.swift */; };
		528BE66D2A36CC0F0084BB0F /* AIPlantsIdentifiedView.swift in Sources */ = {isa = PBXBuildFile; fileRef = 528BE66C2A36CC0F0084BB0F /* AIPlantsIdentifiedView.swift */; };
/* End PBXBuildFile section */

/* Begin PBXFileReference section */
		40B3681D2A3A63A10089AD18 /* MyPlantsDetailView.swift */ = {isa = PBXFileReference; fileEncoding = 4; lastKnownFileType = sourcecode.swift; path = MyPlantsDetailView.swift; sourceTree = "<group>"; };
		40D3C3432A565EA80020DFF0 /* MapSearchView.swift */ = {isa = PBXFileReference; fileEncoding = 4; lastKnownFileType = sourcecode.swift; path = MapSearchView.swift; sourceTree = "<group>"; };
		40D3C3452A565F4F0020DFF0 /* LocationHelper.swift */ = {isa = PBXFileReference; fileEncoding = 4; lastKnownFileType = sourcecode.swift; path = LocationHelper.swift; sourceTree = "<group>"; };
		40D3C3492A56602B0020DFF0 /* MapSearch.swift */ = {isa = PBXFileReference; fileEncoding = 4; lastKnownFileType = sourcecode.swift; path = MapSearch.swift; sourceTree = "<group>"; };
		40D3C34B2A56610C0020DFF0 /* LocalSearchHelper.swift */ = {isa = PBXFileReference; fileEncoding = 4; lastKnownFileType = sourcecode.swift; path = LocalSearchHelper.swift; sourceTree = "<group>"; };
		528BE60E2A1FA3F50084BB0F /* PlantPlus-v1.app */ = {isa = PBXFileReference; explicitFileType = wrapper.application; includeInIndex = 0; path = "PlantPlus-v1.app"; sourceTree = BUILT_PRODUCTS_DIR; };
		528BE6112A1FA3F50084BB0F /* PlantPlus_v1App.swift */ = {isa = PBXFileReference; lastKnownFileType = sourcecode.swift; path = PlantPlus_v1App.swift; sourceTree = "<group>"; };
		528BE6152A1FA3F90084BB0F /* Assets.xcassets */ = {isa = PBXFileReference; lastKnownFileType = folder.assetcatalog; path = Assets.xcassets; sourceTree = "<group>"; };
		528BE6182A1FA3F90084BB0F /* Preview Assets.xcassets */ = {isa = PBXFileReference; lastKnownFileType = folder.assetcatalog; path = "Preview Assets.xcassets"; sourceTree = "<group>"; };
		528BE6242A1FA4EA0084BB0F /* HomeView.swift */ = {isa = PBXFileReference; lastKnownFileType = sourcecode.swift; path = HomeView.swift; sourceTree = "<group>"; };
		528BE6282A2014820084BB0F /* GoogleService-Info.plist */ = {isa = PBXFileReference; fileEncoding = 4; lastKnownFileType = text.plist.xml; path = "GoogleService-Info.plist"; sourceTree = "<group>"; };
		528BE62A2A2016AE0084BB0F /* PlantsView.swift */ = {isa = PBXFileReference; lastKnownFileType = sourcecode.swift; path = PlantsView.swift; sourceTree = "<group>"; };
		528BE62E2A2016CD0084BB0F /* MyPlantsView.swift */ = {isa = PBXFileReference; lastKnownFileType = sourcecode.swift; path = MyPlantsView.swift; sourceTree = "<group>"; };
		528BE6302A2016E60084BB0F /* UserProfileView.swift */ = {isa = PBXFileReference; lastKnownFileType = sourcecode.swift; path = UserProfileView.swift; sourceTree = "<group>"; };
		528BE6322A201C640084BB0F /* PerenualHelper.swift */ = {isa = PBXFileReference; lastKnownFileType = sourcecode.swift; path = PerenualHelper.swift; sourceTree = "<group>"; };
		528BE6342A201CBD0084BB0F /* PerenualResponse.swift */ = {isa = PBXFileReference; lastKnownFileType = sourcecode.swift; path = PerenualResponse.swift; sourceTree = "<group>"; };
		528BE6362A201CF30084BB0F /* DataDiseases.swift */ = {isa = PBXFileReference; lastKnownFileType = sourcecode.swift; path = DataDiseases.swift; sourceTree = "<group>"; };
		528BE6382A201D1C0084BB0F /* PlantDetail.swift */ = {isa = PBXFileReference; lastKnownFileType = sourcecode.swift; path = PlantDetail.swift; sourceTree = "<group>"; };
		528BE63A2A201DBF0084BB0F /* PlantDetailView.swift */ = {isa = PBXFileReference; lastKnownFileType = sourcecode.swift; path = PlantDetailView.swift; sourceTree = "<group>"; };
		528BE63C2A27B5540084BB0F /* Plant.swift */ = {isa = PBXFileReference; lastKnownFileType = sourcecode.swift; path = Plant.swift; sourceTree = "<group>"; };
		528BE6492A281F140084BB0F /* FireAuthHelper.swift */ = {isa = PBXFileReference; lastKnownFileType = sourcecode.swift; path = FireAuthHelper.swift; sourceTree = "<group>"; };
		528BE64B2A281F5A0084BB0F /* UserPlants.swift */ = {isa = PBXFileReference; lastKnownFileType = sourcecode.swift; path = UserPlants.swift; sourceTree = "<group>"; };
		528BE64D2A281F880084BB0F /* FireDBHelper.swift */ = {isa = PBXFileReference; lastKnownFileType = sourcecode.swift; path = FireDBHelper.swift; sourceTree = "<group>"; };
		528BE64F2A295CD10084BB0F /* SignUpView.swift */ = {isa = PBXFileReference; lastKnownFileType = sourcecode.swift; path = SignUpView.swift; sourceTree = "<group>"; };
		528BE6512A2E68830084BB0F /* RootViewEnum.swift */ = {isa = PBXFileReference; lastKnownFileType = sourcecode.swift; path = RootViewEnum.swift; sourceTree = "<group>"; };
		528BE6532A2E696F0084BB0F /* LoginView.swift */ = {isa = PBXFileReference; lastKnownFileType = sourcecode.swift; path = LoginView.swift; sourceTree = "<group>"; };
		528BE6552A3512010084BB0F /* AIPlantHelper.swift */ = {isa = PBXFileReference; lastKnownFileType = sourcecode.swift; path = AIPlantHelper.swift; sourceTree = "<group>"; };
		528BE6572A3518220084BB0F /* AIPlantView.swift */ = {isa = PBXFileReference; lastKnownFileType = sourcecode.swift; path = AIPlantView.swift; sourceTree = "<group>"; };
		528BE6592A3527CA0084BB0F /* plantTest1.jpeg */ = {isa = PBXFileReference; lastKnownFileType = image.jpeg; path = plantTest1.jpeg; sourceTree = "<group>"; };
		528BE65C2A3542DB0084BB0F /* ImagePicker.swift */ = {isa = PBXFileReference; lastKnownFileType = sourcecode.swift; path = ImagePicker.swift; sourceTree = "<group>"; };
		528BE65E2A3543070084BB0F /* ZoomableScrollView.swift */ = {isa = PBXFileReference; lastKnownFileType = sourcecode.swift; path = ZoomableScrollView.swift; sourceTree = "<group>"; };
		528BE6612A3544960084BB0F /* FileManager.swift */ = {isa = PBXFileReference; lastKnownFileType = sourcecode.swift; path = FileManager.swift; sourceTree = "<group>"; };
		528BE6662A35456E0084BB0F /* Picker.swift */ = {isa = PBXFileReference; lastKnownFileType = sourcecode.swift; path = Picker.swift; sourceTree = "<group>"; };
		528BE6682A35518C0084BB0F /* PickerHelper.swift */ = {isa = PBXFileReference; lastKnownFileType = sourcecode.swift; path = PickerHelper.swift; sourceTree = "<group>"; };
		528BE66A2A36834D0084BB0F /* AIPlantResponse.swift */ = {isa = PBXFileReference; lastKnownFileType = sourcecode.swift; path = AIPlantResponse.swift; sourceTree = "<group>"; };
		528BE66C2A36CC0F0084BB0F /* AIPlantsIdentifiedView.swift */ = {isa = PBXFileReference; lastKnownFileType = sourcecode.swift; path = AIPlantsIdentifiedView.swift; sourceTree = "<group>"; };
/* End PBXFileReference section */

/* Begin PBXFrameworksBuildPhase section */
		528BE60B2A1FA3F50084BB0F /* Frameworks */ = {
			isa = PBXFrameworksBuildPhase;
			buildActionMask = 2147483647;
			files = (
				528BE6422A281E840084BB0F /* FirebaseDatabase in Frameworks */,
				528BE6402A281E840084BB0F /* FirebaseAuth in Frameworks */,
				528BE6442A281E840084BB0F /* FirebaseFirestore in Frameworks */,
				528BE6482A281E840084BB0F /* FirebaseStorage in Frameworks */,
				528BE6462A281E840084BB0F /* FirebaseFirestoreSwift in Frameworks */,
			);
			runOnlyForDeploymentPostprocessing = 0;
		};
/* End PBXFrameworksBuildPhase section */

/* Begin PBXGroup section */
		528BE6052A1FA3F50084BB0F = {
			isa = PBXGroup;
			children = (
				528BE6592A3527CA0084BB0F /* plantTest1.jpeg */,
				528BE6102A1FA3F50084BB0F /* PlantPlus-v1 */,
				528BE60F2A1FA3F50084BB0F /* Products */,
			);
			sourceTree = "<group>";
		};
		528BE60F2A1FA3F50084BB0F /* Products */ = {
			isa = PBXGroup;
			children = (
				528BE60E2A1FA3F50084BB0F /* PlantPlus-v1.app */,
			);
			name = Products;
			sourceTree = "<group>";
		};
		528BE6102A1FA3F50084BB0F /* PlantPlus-v1 */ = {
			isa = PBXGroup;
			children = (
				528BE6602A35446B0084BB0F /* extensions */,
				528BE65B2A3542A10084BB0F /* uiview */,
				528BE6282A2014820084BB0F /* GoogleService-Info.plist */,
				528BE6212A1FA4A50084BB0F /* views */,
				528BE6202A1FA4990084BB0F /* models */,
				528BE61F2A1FA48E0084BB0F /* controllers */,
				528BE6112A1FA3F50084BB0F /* PlantPlus_v1App.swift */,
				528BE6152A1FA3F90084BB0F /* Assets.xcassets */,
				528BE6172A1FA3F90084BB0F /* Preview Content */,
			);
			path = "PlantPlus-v1";
			sourceTree = "<group>";
		};
		528BE6172A1FA3F90084BB0F /* Preview Content */ = {
			isa = PBXGroup;
			children = (
				528BE6182A1FA3F90084BB0F /* Preview Assets.xcassets */,
			);
			path = "Preview Content";
			sourceTree = "<group>";
		};
		528BE61F2A1FA48E0084BB0F /* controllers */ = {
			isa = PBXGroup;
			children = (
				40D3C34B2A56610C0020DFF0 /* LocalSearchHelper.swift */,
				528BE6322A201C640084BB0F /* PerenualHelper.swift */,
				40D3C3452A565F4F0020DFF0 /* LocationHelper.swift */,
				528BE6492A281F140084BB0F /* FireAuthHelper.swift */,
				528BE64D2A281F880084BB0F /* FireDBHelper.swift */,
				528BE6552A3512010084BB0F /* AIPlantHelper.swift */,
				528BE6682A35518C0084BB0F /* PickerHelper.swift */,
			);
			path = controllers;
			sourceTree = "<group>";
		};
		528BE6202A1FA4990084BB0F /* models */ = {
			isa = PBXGroup;
			children = (
				528BE6342A201CBD0084BB0F /* PerenualResponse.swift */,
				528BE6362A201CF30084BB0F /* DataDiseases.swift */,
				528BE6382A201D1C0084BB0F /* PlantDetail.swift */,
				40D3C3492A56602B0020DFF0 /* MapSearch.swift */,
				528BE63C2A27B5540084BB0F /* Plant.swift */,
				528BE64B2A281F5A0084BB0F /* UserPlants.swift */,
				528BE6512A2E68830084BB0F /* RootViewEnum.swift */,
				528BE6662A35456E0084BB0F /* Picker.swift */,
				528BE66A2A36834D0084BB0F /* AIPlantResponse.swift */,
			);
			path = models;
			sourceTree = "<group>";
		};
		528BE6212A1FA4A50084BB0F /* views */ = {
			isa = PBXGroup;
			children = (
				528BE6242A1FA4EA0084BB0F /* HomeView.swift */,
				528BE62A2A2016AE0084BB0F /* PlantsView.swift */,
				528BE62E2A2016CD0084BB0F /* MyPlantsView.swift */,
				528BE6302A2016E60084BB0F /* UserProfileView.swift */,
				40D3C3432A565EA80020DFF0 /* MapSearchView.swift */,
				40B3681D2A3A63A10089AD18 /* MyPlantsDetailView.swift */,
				528BE63A2A201DBF0084BB0F /* PlantDetailView.swift */,
				528BE64F2A295CD10084BB0F /* SignUpView.swift */,
				528BE6532A2E696F0084BB0F /* LoginView.swift */,
				528BE6572A3518220084BB0F /* AIPlantView.swift */,
				528BE66C2A36CC0F0084BB0F /* AIPlantsIdentifiedView.swift */,
			);
			path = views;
			sourceTree = "<group>";
		};
		528BE65B2A3542A10084BB0F /* uiview */ = {
			isa = PBXGroup;
			children = (
				528BE65C2A3542DB0084BB0F /* ImagePicker.swift */,
				528BE65E2A3543070084BB0F /* ZoomableScrollView.swift */,
			);
			path = uiview;
			sourceTree = "<group>";
		};
		528BE6602A35446B0084BB0F /* extensions */ = {
			isa = PBXGroup;
			children = (
				528BE6612A3544960084BB0F /* FileManager.swift */,
			);
			path = extensions;
			sourceTree = "<group>";
		};
/* End PBXGroup section */

/* Begin PBXNativeTarget section */
		528BE60D2A1FA3F50084BB0F /* PlantPlus-v1 */ = {
			isa = PBXNativeTarget;
			buildConfigurationList = 528BE61C2A1FA3F90084BB0F /* Build configuration list for PBXNativeTarget "PlantPlus-v1" */;
			buildPhases = (
				528BE60A2A1FA3F50084BB0F /* Sources */,
				528BE60B2A1FA3F50084BB0F /* Frameworks */,
				528BE60C2A1FA3F50084BB0F /* Resources */,
			);
			buildRules = (
			);
			dependencies = (
			);
			name = "PlantPlus-v1";
			packageProductDependencies = (
				528BE63F2A281E840084BB0F /* FirebaseAuth */,
				528BE6412A281E840084BB0F /* FirebaseDatabase */,
				528BE6432A281E840084BB0F /* FirebaseFirestore */,
				528BE6452A281E840084BB0F /* FirebaseFirestoreSwift */,
				528BE6472A281E840084BB0F /* FirebaseStorage */,
			);
			productName = "PlantPlus-v1";
			productReference = 528BE60E2A1FA3F50084BB0F /* PlantPlus-v1.app */;
			productType = "com.apple.product-type.application";
		};
/* End PBXNativeTarget section */

/* Begin PBXProject section */
		528BE6062A1FA3F50084BB0F /* Project object */ = {
			isa = PBXProject;
			attributes = {
				BuildIndependentTargetsInParallel = 1;
				LastSwiftUpdateCheck = 1420;
				LastUpgradeCheck = 1420;
				TargetAttributes = {
					528BE60D2A1FA3F50084BB0F = {
						CreatedOnToolsVersion = 14.2;
					};
				};
			};
			buildConfigurationList = 528BE6092A1FA3F50084BB0F /* Build configuration list for PBXProject "PlantPlus-v1" */;
			compatibilityVersion = "Xcode 14.0";
			developmentRegion = en;
			hasScannedForEncodings = 0;
			knownRegions = (
				en,
				Base,
			);
			mainGroup = 528BE6052A1FA3F50084BB0F;
			packageReferences = (
				528BE63E2A281E840084BB0F /* XCRemoteSwiftPackageReference "firebase-ios-sdk" */,
			);
			productRefGroup = 528BE60F2A1FA3F50084BB0F /* Products */;
			projectDirPath = "";
			projectRoot = "";
			targets = (
				528BE60D2A1FA3F50084BB0F /* PlantPlus-v1 */,
			);
		};
/* End PBXProject section */

/* Begin PBXResourcesBuildPhase section */
		528BE60C2A1FA3F50084BB0F /* Resources */ = {
			isa = PBXResourcesBuildPhase;
			buildActionMask = 2147483647;
			files = (
				528BE65A2A3527CA0084BB0F /* plantTest1.jpeg in Resources */,
				528BE6192A1FA3F90084BB0F /* Preview Assets.xcassets in Resources */,
				528BE6162A1FA3F90084BB0F /* Assets.xcassets in Resources */,
				528BE6292A2014820084BB0F /* GoogleService-Info.plist in Resources */,
			);
			runOnlyForDeploymentPostprocessing = 0;
		};
/* End PBXResourcesBuildPhase section */

/* Begin PBXSourcesBuildPhase section */
		528BE60A2A1FA3F50084BB0F /* Sources */ = {
			isa = PBXSourcesBuildPhase;
			buildActionMask = 2147483647;
			files = (
				528BE6372A201CF30084BB0F /* DataDiseases.swift in Sources */,
				40D3C3462A565F4F0020DFF0 /* LocationHelper.swift in Sources */,
				528BE6522A2E68830084BB0F /* RootViewEnum.swift in Sources */,
				528BE6502A295CD10084BB0F /* SignUpView.swift in Sources */,
				528BE6312A2016E60084BB0F /* UserProfileView.swift in Sources */,
				528BE62F2A2016CD0084BB0F /* MyPlantsView.swift in Sources */,
				528BE6692A35518C0084BB0F /* PickerHelper.swift in Sources */,
				528BE63D2A27B5540084BB0F /* Plant.swift in Sources */,
				528BE6122A1FA3F50084BB0F /* PlantPlus_v1App.swift in Sources */,
				528BE6622A3544960084BB0F /* FileManager.swift in Sources */,
				528BE66B2A36834D0084BB0F /* AIPlantResponse.swift in Sources */,
				528BE65F2A3543070084BB0F /* ZoomableScrollView.swift in Sources */,
				528BE6582A3518220084BB0F /* AIPlantView.swift in Sources */,
				528BE6252A1FA4EA0084BB0F /* HomeView.swift in Sources */,
				40D3C3442A565EA80020DFF0 /* MapSearchView.swift in Sources */,
				528BE62B2A2016AE0084BB0F /* PlantsView.swift in Sources */,
				528BE66D2A36CC0F0084BB0F /* AIPlantsIdentifiedView.swift in Sources */,
				40D3C34C2A56610C0020DFF0 /* LocalSearchHelper.swift in Sources */,
				528BE6672A35456E0084BB0F /* Picker.swift in Sources */,
				528BE64E2A281F880084BB0F /* FireDBHelper.swift in Sources */,
				528BE6542A2E696F0084BB0F /* LoginView.swift in Sources */,
				528BE6392A201D1C0084BB0F /* PlantDetail.swift in Sources */,
				528BE6352A201CBD0084BB0F /* PerenualResponse.swift in Sources */,
				528BE6332A201C640084BB0F /* PerenualHelper.swift in Sources */,
				40D3C34A2A56602B0020DFF0 /* MapSearch.swift in Sources */,
				528BE63B2A201DBF0084BB0F /* PlantDetailView.swift in Sources */,
				528BE6562A3512010084BB0F /* AIPlantHelper.swift in Sources */,
				528BE65D2A3542DB0084BB0F /* ImagePicker.swift in Sources */,
				528BE64C2A281F5A0084BB0F /* UserPlants.swift in Sources */,
				40B3681E2A3A63A20089AD18 /* MyPlantsDetailView.swift in Sources */,
				528BE64A2A281F140084BB0F /* FireAuthHelper.swift in Sources */,
			);
			runOnlyForDeploymentPostprocessing = 0;
		};
/* End PBXSourcesBuildPhase section */

/* Begin XCBuildConfiguration section */
		528BE61A2A1FA3F90084BB0F /* Debug */ = {
			isa = XCBuildConfiguration;
			buildSettings = {
				ALWAYS_SEARCH_USER_PATHS = NO;
				CLANG_ANALYZER_NONNULL = YES;
				CLANG_ANALYZER_NUMBER_OBJECT_CONVERSION = YES_AGGRESSIVE;
				CLANG_CXX_LANGUAGE_STANDARD = "gnu++20";
				CLANG_ENABLE_MODULES = YES;
				CLANG_ENABLE_OBJC_ARC = YES;
				CLANG_ENABLE_OBJC_WEAK = YES;
				CLANG_WARN_BLOCK_CAPTURE_AUTORELEASING = YES;
				CLANG_WARN_BOOL_CONVERSION = YES;
				CLANG_WARN_COMMA = YES;
				CLANG_WARN_CONSTANT_CONVERSION = YES;
				CLANG_WARN_DEPRECATED_OBJC_IMPLEMENTATIONS = YES;
				CLANG_WARN_DIRECT_OBJC_ISA_USAGE = YES_ERROR;
				CLANG_WARN_DOCUMENTATION_COMMENTS = YES;
				CLANG_WARN_EMPTY_BODY = YES;
				CLANG_WARN_ENUM_CONVERSION = YES;
				CLANG_WARN_INFINITE_RECURSION = YES;
				CLANG_WARN_INT_CONVERSION = YES;
				CLANG_WARN_NON_LITERAL_NULL_CONVERSION = YES;
				CLANG_WARN_OBJC_IMPLICIT_RETAIN_SELF = YES;
				CLANG_WARN_OBJC_LITERAL_CONVERSION = YES;
				CLANG_WARN_OBJC_ROOT_CLASS = YES_ERROR;
				CLANG_WARN_QUOTED_INCLUDE_IN_FRAMEWORK_HEADER = YES;
				CLANG_WARN_RANGE_LOOP_ANALYSIS = YES;
				CLANG_WARN_STRICT_PROTOTYPES = YES;
				CLANG_WARN_SUSPICIOUS_MOVE = YES;
				CLANG_WARN_UNGUARDED_AVAILABILITY = YES_AGGRESSIVE;
				CLANG_WARN_UNREACHABLE_CODE = YES;
				CLANG_WARN__DUPLICATE_METHOD_MATCH = YES;
				COPY_PHASE_STRIP = NO;
				DEBUG_INFORMATION_FORMAT = dwarf;
				ENABLE_STRICT_OBJC_MSGSEND = YES;
				ENABLE_TESTABILITY = YES;
				GCC_C_LANGUAGE_STANDARD = gnu11;
				GCC_DYNAMIC_NO_PIC = NO;
				GCC_NO_COMMON_BLOCKS = YES;
				GCC_OPTIMIZATION_LEVEL = 0;
				GCC_PREPROCESSOR_DEFINITIONS = (
					"DEBUG=1",
					"$(inherited)",
				);
				GCC_WARN_64_TO_32_BIT_CONVERSION = YES;
				GCC_WARN_ABOUT_RETURN_TYPE = YES_ERROR;
				GCC_WARN_UNDECLARED_SELECTOR = YES;
				GCC_WARN_UNINITIALIZED_AUTOS = YES_AGGRESSIVE;
				GCC_WARN_UNUSED_FUNCTION = YES;
				GCC_WARN_UNUSED_VARIABLE = YES;
				IPHONEOS_DEPLOYMENT_TARGET = 16.2;
				MTL_ENABLE_DEBUG_INFO = INCLUDE_SOURCE;
				MTL_FAST_MATH = YES;
				ONLY_ACTIVE_ARCH = YES;
				SDKROOT = iphoneos;
				SWIFT_ACTIVE_COMPILATION_CONDITIONS = DEBUG;
				SWIFT_OPTIMIZATION_LEVEL = "-Onone";
			};
			name = Debug;
		};
		528BE61B2A1FA3F90084BB0F /* Release */ = {
			isa = XCBuildConfiguration;
			buildSettings = {
				ALWAYS_SEARCH_USER_PATHS = NO;
				CLANG_ANALYZER_NONNULL = YES;
				CLANG_ANALYZER_NUMBER_OBJECT_CONVERSION = YES_AGGRESSIVE;
				CLANG_CXX_LANGUAGE_STANDARD = "gnu++20";
				CLANG_ENABLE_MODULES = YES;
				CLANG_ENABLE_OBJC_ARC = YES;
				CLANG_ENABLE_OBJC_WEAK = YES;
				CLANG_WARN_BLOCK_CAPTURE_AUTORELEASING = YES;
				CLANG_WARN_BOOL_CONVERSION = YES;
				CLANG_WARN_COMMA = YES;
				CLANG_WARN_CONSTANT_CONVERSION = YES;
				CLANG_WARN_DEPRECATED_OBJC_IMPLEMENTATIONS = YES;
				CLANG_WARN_DIRECT_OBJC_ISA_USAGE = YES_ERROR;
				CLANG_WARN_DOCUMENTATION_COMMENTS = YES;
				CLANG_WARN_EMPTY_BODY = YES;
				CLANG_WARN_ENUM_CONVERSION = YES;
				CLANG_WARN_INFINITE_RECURSION = YES;
				CLANG_WARN_INT_CONVERSION = YES;
				CLANG_WARN_NON_LITERAL_NULL_CONVERSION = YES;
				CLANG_WARN_OBJC_IMPLICIT_RETAIN_SELF = YES;
				CLANG_WARN_OBJC_LITERAL_CONVERSION = YES;
				CLANG_WARN_OBJC_ROOT_CLASS = YES_ERROR;
				CLANG_WARN_QUOTED_INCLUDE_IN_FRAMEWORK_HEADER = YES;
				CLANG_WARN_RANGE_LOOP_ANALYSIS = YES;
				CLANG_WARN_STRICT_PROTOTYPES = YES;
				CLANG_WARN_SUSPICIOUS_MOVE = YES;
				CLANG_WARN_UNGUARDED_AVAILABILITY = YES_AGGRESSIVE;
				CLANG_WARN_UNREACHABLE_CODE = YES;
				CLANG_WARN__DUPLICATE_METHOD_MATCH = YES;
				COPY_PHASE_STRIP = NO;
				DEBUG_INFORMATION_FORMAT = "dwarf-with-dsym";
				ENABLE_NS_ASSERTIONS = NO;
				ENABLE_STRICT_OBJC_MSGSEND = YES;
				GCC_C_LANGUAGE_STANDARD = gnu11;
				GCC_NO_COMMON_BLOCKS = YES;
				GCC_WARN_64_TO_32_BIT_CONVERSION = YES;
				GCC_WARN_ABOUT_RETURN_TYPE = YES_ERROR;
				GCC_WARN_UNDECLARED_SELECTOR = YES;
				GCC_WARN_UNINITIALIZED_AUTOS = YES_AGGRESSIVE;
				GCC_WARN_UNUSED_FUNCTION = YES;
				GCC_WARN_UNUSED_VARIABLE = YES;
				IPHONEOS_DEPLOYMENT_TARGET = 16.2;
				MTL_ENABLE_DEBUG_INFO = NO;
				MTL_FAST_MATH = YES;
				SDKROOT = iphoneos;
				SWIFT_COMPILATION_MODE = wholemodule;
				SWIFT_OPTIMIZATION_LEVEL = "-O";
				VALIDATE_PRODUCT = YES;
			};
			name = Release;
		};
		528BE61D2A1FA3F90084BB0F /* Debug */ = {
			isa = XCBuildConfiguration;
			buildSettings = {
				ASSETCATALOG_COMPILER_APPICON_NAME = AppIcon;
				ASSETCATALOG_COMPILER_GLOBAL_ACCENT_COLOR_NAME = AccentColor;
				CODE_SIGN_STYLE = Automatic;
				CURRENT_PROJECT_VERSION = 1;
				DEVELOPMENT_ASSET_PATHS = "\"PlantPlus-v1/Preview Content\"";
				DEVELOPMENT_TEAM = W88J8AFZF8;
				ENABLE_PREVIEWS = YES;
				GENERATE_INFOPLIST_FILE = YES;
				INFOPLIST_KEY_NSCameraUsageDescription = "Would like to use the camera to take photos";
				INFOPLIST_KEY_UIApplicationSceneManifest_Generation = YES;
				INFOPLIST_KEY_UIApplicationSupportsIndirectInputEvents = YES;
				INFOPLIST_KEY_UILaunchScreen_Generation = YES;
				INFOPLIST_KEY_UISupportedInterfaceOrientations_iPad = "UIInterfaceOrientationPortrait UIInterfaceOrientationPortraitUpsideDown UIInterfaceOrientationLandscapeLeft UIInterfaceOrientationLandscapeRight";
				INFOPLIST_KEY_UISupportedInterfaceOrientations_iPhone = "UIInterfaceOrientationPortrait UIInterfaceOrientationLandscapeLeft UIInterfaceOrientationLandscapeRight";
				LD_RUNPATH_SEARCH_PATHS = (
					"$(inherited)",
					"@executable_path/Frameworks",
				);
				MARKETING_VERSION = 1.0;
				PRODUCT_BUNDLE_IDENTIFIER = "gbc.PlantPlus-v1";
				PRODUCT_NAME = "$(TARGET_NAME)";
				SWIFT_EMIT_LOC_STRINGS = YES;
				SWIFT_VERSION = 5.0;
				TARGETED_DEVICE_FAMILY = "1,2";
			};
			name = Debug;
		};
		528BE61E2A1FA3F90084BB0F /* Release */ = {
			isa = XCBuildConfiguration;
			buildSettings = {
				ASSETCATALOG_COMPILER_APPICON_NAME = AppIcon;
				ASSETCATALOG_COMPILER_GLOBAL_ACCENT_COLOR_NAME = AccentColor;
				CODE_SIGN_STYLE = Automatic;
				CURRENT_PROJECT_VERSION = 1;
				DEVELOPMENT_ASSET_PATHS = "\"PlantPlus-v1/Preview Content\"";
				DEVELOPMENT_TEAM = W88J8AFZF8;
				ENABLE_PREVIEWS = YES;
				GENERATE_INFOPLIST_FILE = YES;
				INFOPLIST_KEY_NSCameraUsageDescription = "Would like to use the camera to take photos";
				INFOPLIST_KEY_UIApplicationSceneManifest_Generation = YES;
				INFOPLIST_KEY_UIApplicationSupportsIndirectInputEvents = YES;
				INFOPLIST_KEY_UILaunchScreen_Generation = YES;
				INFOPLIST_KEY_UISupportedInterfaceOrientations_iPad = "UIInterfaceOrientationPortrait UIInterfaceOrientationPortraitUpsideDown UIInterfaceOrientationLandscapeLeft UIInterfaceOrientationLandscapeRight";
				INFOPLIST_KEY_UISupportedInterfaceOrientations_iPhone = "UIInterfaceOrientationPortrait UIInterfaceOrientationLandscapeLeft UIInterfaceOrientationLandscapeRight";
				LD_RUNPATH_SEARCH_PATHS = (
					"$(inherited)",
					"@executable_path/Frameworks",
				);
				MARKETING_VERSION = 1.0;
				PRODUCT_BUNDLE_IDENTIFIER = "gbc.PlantPlus-v1";
				PRODUCT_NAME = "$(TARGET_NAME)";
				SWIFT_EMIT_LOC_STRINGS = YES;
				SWIFT_VERSION = 5.0;
				TARGETED_DEVICE_FAMILY = "1,2";
			};
			name = Release;
		};
/* End XCBuildConfiguration section */

/* Begin XCConfigurationList section */
		528BE6092A1FA3F50084BB0F /* Build configuration list for PBXProject "PlantPlus-v1" */ = {
			isa = XCConfigurationList;
			buildConfigurations = (
				528BE61A2A1FA3F90084BB0F /* Debug */,
				528BE61B2A1FA3F90084BB0F /* Release */,
			);
			defaultConfigurationIsVisible = 0;
			defaultConfigurationName = Release;
		};
		528BE61C2A1FA3F90084BB0F /* Build configuration list for PBXNativeTarget "PlantPlus-v1" */ = {
			isa = XCConfigurationList;
			buildConfigurations = (
				528BE61D2A1FA3F90084BB0F /* Debug */,
				528BE61E2A1FA3F90084BB0F /* Release */,
			);
			defaultConfigurationIsVisible = 0;
			defaultConfigurationName = Release;
		};
/* End XCConfigurationList section */

/* Begin XCRemoteSwiftPackageReference section */
		528BE63E2A281E840084BB0F /* XCRemoteSwiftPackageReference "firebase-ios-sdk" */ = {
			isa = XCRemoteSwiftPackageReference;
			repositoryURL = "https://github.com/firebase/firebase-ios-sdk";
			requirement = {
				branch = master;
				kind = branch;
			};
		};
/* End XCRemoteSwiftPackageReference section */

/* Begin XCSwiftPackageProductDependency section */
		528BE63F2A281E840084BB0F /* FirebaseAuth */ = {
			isa = XCSwiftPackageProductDependency;
			package = 528BE63E2A281E840084BB0F /* XCRemoteSwiftPackageReference "firebase-ios-sdk" */;
			productName = FirebaseAuth;
		};
		528BE6412A281E840084BB0F /* FirebaseDatabase */ = {
			isa = XCSwiftPackageProductDependency;
			package = 528BE63E2A281E840084BB0F /* XCRemoteSwiftPackageReference "firebase-ios-sdk" */;
			productName = FirebaseDatabase;
		};
		528BE6432A281E840084BB0F /* FirebaseFirestore */ = {
			isa = XCSwiftPackageProductDependency;
			package = 528BE63E2A281E840084BB0F /* XCRemoteSwiftPackageReference "firebase-ios-sdk" */;
			productName = FirebaseFirestore;
		};
		528BE6452A281E840084BB0F /* FirebaseFirestoreSwift */ = {
			isa = XCSwiftPackageProductDependency;
			package = 528BE63E2A281E840084BB0F /* XCRemoteSwiftPackageReference "firebase-ios-sdk" */;
			productName = FirebaseFirestoreSwift;
		};
		528BE6472A281E840084BB0F /* FirebaseStorage */ = {
			isa = XCSwiftPackageProductDependency;
			package = 528BE63E2A281E840084BB0F /* XCRemoteSwiftPackageReference "firebase-ios-sdk" */;
			productName = FirebaseStorage;
		};
/* End XCSwiftPackageProductDependency section */
	};
	rootObject = 528BE6062A1FA3F50084BB0F /* Project object */;
}
